
Microsoft Visual Studio Solution File, Format Version 12.00
# Visual Studio 2015
Project("{FAE04EC0-301F-11D3-BF4B-00C04F79EFBC}") = "classwork.CSharp", "classwork.CSharp.csproj", "{6EF45897-1E57-0FD8-8DD8-0748458585E6}"
EndProject
Project("{FAE04EC0-301F-11D3-BF4B-00C04F79EFBC}") = "classwork.CSharp.Editor", "classwork.CSharp.Editor.csproj", "{B963B296-9CCC-E50C-D25C-3D3857F45F03}"
EndProject
Global
	GlobalSection(SolutionConfigurationPlatforms) = preSolution
		Debug|Any CPU = Debug|Any CPU
		Release|Any CPU = Release|Any CPU
	EndGlobalSection
	GlobalSection(ProjectConfigurationPlatforms) = postSolution
		{6EF45897-1E57-0FD8-8DD8-0748458585E6}.Debug|Any CPU.ActiveCfg = Debug|Any CPU
		{6EF45897-1E57-0FD8-8DD8-0748458585E6}.Debug|Any CPU.Build.0 = Debug|Any CPU
		{6EF45897-1E57-0FD8-8DD8-0748458585E6}.Release|Any CPU.ActiveCfg = Release|Any CPU
		{6EF45897-1E57-0FD8-8DD8-0748458585E6}.Release|Any CPU.Build.0 = Release|Any CPU
		{B963B296-9CCC-E50C-D25C-3D3857F45F03}.Debug|Any CPU.ActiveCfg = Debug|Any CPU
		{B963B296-9CCC-E50C-D25C-3D3857F45F03}.Debug|Any CPU.Build.0 = Debug|Any CPU
		{B963B296-9CCC-E50C-D25C-3D3857F45F03}.Release|Any CPU.ActiveCfg = Release|Any CPU
		{B963B296-9CCC-E50C-D25C-3D3857F45F03}.Release|Any CPU.Build.0 = Release|Any CPU
	EndGlobalSection
	GlobalSection(SolutionProperties) = preSolution
		HideSolutionNode = FALSE
	EndGlobalSection
EndGlobal
