
Microsoft Visual Studio Solution File, Format Version 12.00
# Visual Studio 2015
Project("{FAE04EC0-301F-11D3-BF4B-00C04F79EFBC}") = "node work.CSharp", "node work.CSharp.csproj", "{0259203C-8913-673A-543C-B97E7CB594AB}"
EndProject
Project("{FAE04EC0-301F-11D3-BF4B-00C04F79EFBC}") = "node work.CSharp.Editor", "node work.CSharp.Editor.csproj", "{3AC4BA26-1F89-167C-3FB7-2747FE4E2F66}"
EndProject
Global
	GlobalSection(SolutionConfigurationPlatforms) = preSolution
		Debug|Any CPU = Debug|Any CPU
		Release|Any CPU = Release|Any CPU
	EndGlobalSection
	GlobalSection(ProjectConfigurationPlatforms) = postSolution
		{0259203C-8913-673A-543C-B97E7CB594AB}.Debug|Any CPU.ActiveCfg = Debug|Any CPU
		{0259203C-8913-673A-543C-B97E7CB594AB}.Debug|Any CPU.Build.0 = Debug|Any CPU
		{0259203C-8913-673A-543C-B97E7CB594AB}.Release|Any CPU.ActiveCfg = Release|Any CPU
		{0259203C-8913-673A-543C-B97E7CB594AB}.Release|Any CPU.Build.0 = Release|Any CPU
		{3AC4BA26-1F89-167C-3FB7-2747FE4E2F66}.Debug|Any CPU.ActiveCfg = Debug|Any CPU
		{3AC4BA26-1F89-167C-3FB7-2747FE4E2F66}.Debug|Any CPU.Build.0 = Debug|Any CPU
		{3AC4BA26-1F89-167C-3FB7-2747FE4E2F66}.Release|Any CPU.ActiveCfg = Release|Any CPU
		{3AC4BA26-1F89-167C-3FB7-2747FE4E2F66}.Release|Any CPU.Build.0 = Release|Any CPU
	EndGlobalSection
	GlobalSection(SolutionProperties) = preSolution
		HideSolutionNode = FALSE
	EndGlobalSection
EndGlobal
