
Microsoft Visual Studio Solution File, Format Version 12.00
# Visual Studio 2015
Project("{FAE04EC0-301F-11D3-BF4B-00C04F79EFBC}") = "toolsClass.CSharp", "toolsClass.CSharp.csproj", "{B86CEAA2-5D1F-BFE4-975F-568CCF394D36}"
EndProject
Project("{FAE04EC0-301F-11D3-BF4B-00C04F79EFBC}") = "toolsClass.CSharp.Editor", "toolsClass.CSharp.Editor.csproj", "{DB92C213-0E29-3264-7AF2-5CC83161B767}"
EndProject
Global
	GlobalSection(SolutionConfigurationPlatforms) = preSolution
		Debug|Any CPU = Debug|Any CPU
		Release|Any CPU = Release|Any CPU
	EndGlobalSection
	GlobalSection(ProjectConfigurationPlatforms) = postSolution
		{B86CEAA2-5D1F-BFE4-975F-568CCF394D36}.Debug|Any CPU.ActiveCfg = Debug|Any CPU
		{B86CEAA2-5D1F-BFE4-975F-568CCF394D36}.Debug|Any CPU.Build.0 = Debug|Any CPU
		{B86CEAA2-5D1F-BFE4-975F-568CCF394D36}.Release|Any CPU.ActiveCfg = Release|Any CPU
		{B86CEAA2-5D1F-BFE4-975F-568CCF394D36}.Release|Any CPU.Build.0 = Release|Any CPU
		{DB92C213-0E29-3264-7AF2-5CC83161B767}.Debug|Any CPU.ActiveCfg = Debug|Any CPU
		{DB92C213-0E29-3264-7AF2-5CC83161B767}.Debug|Any CPU.Build.0 = Debug|Any CPU
		{DB92C213-0E29-3264-7AF2-5CC83161B767}.Release|Any CPU.ActiveCfg = Release|Any CPU
		{DB92C213-0E29-3264-7AF2-5CC83161B767}.Release|Any CPU.Build.0 = Release|Any CPU
	EndGlobalSection
	GlobalSection(SolutionProperties) = preSolution
		HideSolutionNode = FALSE
	EndGlobalSection
EndGlobal
